# This file was autogenerated by Stack.
# You should not edit this file by hand.
# For more information, please see the documentation at:
#   https://docs.haskellstack.org/en/stable/lock_files

packages:
- completed:
    hackage: capability-0.5.0.1@sha256:e0da5dec7d6c3a351e11c140b238211edc5467339ad2c701b1aad70cfe2101be,3285
    pantry-tree:
      sha256: c071c35bcdd46f38754b9ff08b91d36ce74edc403ececce2abfbf0a737851225
      size: 2504
  original:
    hackage: capability-0.5.0.1
- completed:
    commit: 704bb69aa837c5b78c36e7d3f8fb64c27bf8dbc2
    git: https://github.com/Memorytaco/llvm-hs
    name: llvm-hs
    pantry-tree:
      sha256: 81ec9b46ad894409b23b1e3274edcf88c80bcf58bc1170b18c73639380bbbf22
      size: 12715
    subdir: llvm-hs
    version: 17.0.0
  original:
    commit: 704bb69aa837c5b78c36e7d3f8fb64c27bf8dbc2
    git: https://github.com/Memorytaco/llvm-hs
    subdir: llvm-hs
- completed:
    commit: 704bb69aa837c5b78c36e7d3f8fb64c27bf8dbc2
    git: https://github.com/Memorytaco/llvm-hs
    name: llvm-hs-pure
    pantry-tree:
      sha256: 768282b7340781619de642809038d7b1d8273de000ce361f190bb623448ded9d
      size: 2712
    subdir: llvm-hs-pure
    version: 17.0.6
  original:
    commit: 704bb69aa837c5b78c36e7d3f8fb64c27bf8dbc2
    git: https://github.com/Memorytaco/llvm-hs
    subdir: llvm-hs-pure
snapshots:
- completed:
    sha256: 0cd905bf3f615a7f52d52fb6aadda182f695bd1cab10ef892095d974676f0911
    size: 713334
    url: https://raw.githubusercontent.com/commercialhaskell/stackage-snapshots/master/lts/22/16.yaml
  original: lts-22.16
